
Microsoft Visual Studio Solution File, Format Version 12.00
# Visual Studio Version 17
VisualStudioVersion = 17.0.31903.59
MinimumVisualStudioVersion = 10.0.40219.1
Project("{2150E333-8FDC-42A3-9474-1A3956D46DE8}") = "dotnet", "dotnet", "{493D8724-587D-4A7B-BB59-903648D9E9F4}"
EndProject
Project("{FAE04EC0-301F-11D3-BF4B-00C04F79EFBC}") = "ProposalAgent.Core", "dotnet\ProposalAgent.Core\ProposalAgent.Core.csproj", "{6A6142B7-84FE-4A2E-A152-9AA8D57256B3}"
EndProject
Project("{FAE04EC0-301F-11D3-BF4B-00C04F79EFBC}") = "ProposalAgent.Cli", "dotnet\ProposalAgent.Cli\ProposalAgent.Cli.csproj", "{E0DF84C8-DFE0-41DB-B010-7DFA73784E0E}"
EndProject
Project("{FAE04EC0-301F-11D3-BF4B-00C04F79EFBC}") = "ProposalAgent.Desktop", "dotnet\ProposalAgent.Desktop\ProposalAgent.Desktop.csproj", "{3B5BC349-66F9-4920-B0BE-16D9D76780BC}"
EndProject
Project("{FAE04EC0-301F-11D3-BF4B-00C04F79EFBC}") = "ProposalAgent.Core.Tests", "dotnet\ProposalAgent.Core.Tests\ProposalAgent.Core.Tests.csproj", "{7AE52F1C-C69B-4A00-AF36-837D9936071F}"
EndProject
Global
	GlobalSection(SolutionConfigurationPlatforms) = preSolution
		Debug|Any CPU = Debug|Any CPU
		Release|Any CPU = Release|Any CPU
	EndGlobalSection
	GlobalSection(SolutionProperties) = preSolution
		HideSolutionNode = FALSE
	EndGlobalSection
	GlobalSection(ProjectConfigurationPlatforms) = postSolution
		{6A6142B7-84FE-4A2E-A152-9AA8D57256B3}.Debug|Any CPU.ActiveCfg = Debug|Any CPU
		{6A6142B7-84FE-4A2E-A152-9AA8D57256B3}.Debug|Any CPU.Build.0 = Debug|Any CPU
		{6A6142B7-84FE-4A2E-A152-9AA8D57256B3}.Release|Any CPU.ActiveCfg = Release|Any CPU
		{6A6142B7-84FE-4A2E-A152-9AA8D57256B3}.Release|Any CPU.Build.0 = Release|Any CPU
		{E0DF84C8-DFE0-41DB-B010-7DFA73784E0E}.Debug|Any CPU.ActiveCfg = Debug|Any CPU
		{E0DF84C8-DFE0-41DB-B010-7DFA73784E0E}.Debug|Any CPU.Build.0 = Debug|Any CPU
		{E0DF84C8-DFE0-41DB-B010-7DFA73784E0E}.Release|Any CPU.ActiveCfg = Release|Any CPU
		{E0DF84C8-DFE0-41DB-B010-7DFA73784E0E}.Release|Any CPU.Build.0 = Release|Any CPU
		{3B5BC349-66F9-4920-B0BE-16D9D76780BC}.Debug|Any CPU.ActiveCfg = Debug|Any CPU
		{3B5BC349-66F9-4920-B0BE-16D9D76780BC}.Debug|Any CPU.Build.0 = Debug|Any CPU
		{3B5BC349-66F9-4920-B0BE-16D9D76780BC}.Release|Any CPU.ActiveCfg = Release|Any CPU
		{3B5BC349-66F9-4920-B0BE-16D9D76780BC}.Release|Any CPU.Build.0 = Release|Any CPU
		{7AE52F1C-C69B-4A00-AF36-837D9936071F}.Debug|Any CPU.ActiveCfg = Debug|Any CPU
		{7AE52F1C-C69B-4A00-AF36-837D9936071F}.Debug|Any CPU.Build.0 = Debug|Any CPU
		{7AE52F1C-C69B-4A00-AF36-837D9936071F}.Release|Any CPU.ActiveCfg = Release|Any CPU
		{7AE52F1C-C69B-4A00-AF36-837D9936071F}.Release|Any CPU.Build.0 = Release|Any CPU
	EndGlobalSection
	GlobalSection(NestedProjects) = preSolution
		{6A6142B7-84FE-4A2E-A152-9AA8D57256B3} = {493D8724-587D-4A7B-BB59-903648D9E9F4}
		{E0DF84C8-DFE0-41DB-B010-7DFA73784E0E} = {493D8724-587D-4A7B-BB59-903648D9E9F4}
		{3B5BC349-66F9-4920-B0BE-16D9D76780BC} = {493D8724-587D-4A7B-BB59-903648D9E9F4}
		{7AE52F1C-C69B-4A00-AF36-837D9936071F} = {493D8724-587D-4A7B-BB59-903648D9E9F4}
	EndGlobalSection
EndGlobal
